Microsoft Visual Studio Solution File, Format Version 11.00
# Visual Studio 2008

Project("{638D1933-8155-0364-380B-FCD9B2AABACF}") = "DungeonHuntersTest", "Assembly-CSharp.csproj", "{5EB1A28F-976B-F77F-9211-831AA5E7D063}"
EndProject
Global
	GlobalSection(SolutionConfigurationPlatforms) = preSolution
		Debug|Any CPU = Debug|Any CPU
		Release|Any CPU = Release|Any CPU
	EndGlobalSection
	GlobalSection(ProjectConfigurationPlatforms) = postSolution
		{5EB1A28F-976B-F77F-9211-831AA5E7D063}.Debug|Any CPU.ActiveCfg = Debug|Any CPU
		{5EB1A28F-976B-F77F-9211-831AA5E7D063}.Debug|Any CPU.Build.0 = Debug|Any CPU
		{5EB1A28F-976B-F77F-9211-831AA5E7D063}.Release|Any CPU.ActiveCfg = Release|Any CPU
		{5EB1A28F-976B-F77F-9211-831AA5E7D063}.Release|Any CPU.Build.0 = Release|Any CPU
	EndGlobalSection
	GlobalSection(SolutionProperties) = preSolution
		HideSolutionNode = FALSE
	EndGlobalSection
	GlobalSection(MonoDevelopProperties) = preSolution
		StartupItem = Assembly-CSharp.csproj
	EndGlobalSection
EndGlobal
